
Microsoft Visual Studio Solution File, Format Version 12.00
# Visual Studio Version 17
VisualStudioVersion = 17.0.32112.339
MinimumVisualStudioVersion = 10.0.40219.1
Project("{FAE04EC0-301F-11D3-BF4B-00C04F79EFBC}") = "ConsoleApp6", "ConsoleApp6\ConsoleApp6.csproj", "{FAAE2434-3E36-4536-8586-1F421700F05B}"
EndProject
Global
	GlobalSection(SolutionConfigurationPlatforms) = preSolution
		Debug|Any CPU = Debug|Any CPU
		Release|Any CPU = Release|Any CPU
	EndGlobalSection
	GlobalSection(ProjectConfigurationPlatforms) = postSolution
		{FAAE2434-3E36-4536-8586-1F421700F05B}.Debug|Any CPU.ActiveCfg = Debug|Any CPU
		{FAAE2434-3E36-4536-8586-1F421700F05B}.Debug|Any CPU.Build.0 = Debug|Any CPU
		{FAAE2434-3E36-4536-8586-1F421700F05B}.Release|Any CPU.ActiveCfg = Release|Any CPU
		{FAAE2434-3E36-4536-8586-1F421700F05B}.Release|Any CPU.Build.0 = Release|Any CPU
	EndGlobalSection
	GlobalSection(SolutionProperties) = preSolution
		HideSolutionNode = FALSE
	EndGlobalSection
	GlobalSection(ExtensibilityGlobals) = postSolution
		SolutionGuid = {29A1449B-E359-4C17-B311-B0505B7F03E6}
	EndGlobalSection
EndGlobal
